// !$*UTF8*$!
{
	archiveVersion = 1;
	classes = {
	};
	objectVersion = 46;
	objects = {

/* Begin PBXBuildFile section */
		1D0FCD1C1B839AED006A14CE /* CourseListTableViewCell.swift in Sources */ = {isa = PBXBuildFile; fileRef = 1D0FCD1B1B839AED006A14CE /* CourseListTableViewCell.swift */; };
		1D3D20231B8DDD9D00781735 /* SDCoreDataController.m in Sources */ = {isa = PBXBuildFile; fileRef = 1D3D20221B8DDD9D00781735 /* SDCoreDataController.m */; };
		1D3D20271B8DDE6100781735 /* MoocUp.xcdatamodeld in Sources */ = {isa = PBXBuildFile; fileRef = 1D3D20251B8DDE6100781735 /* MoocUp.xcdatamodeld */; };
		1D3D202A1B8E531E00781735 /* SDAFParseAPIClient.m in Sources */ = {isa = PBXBuildFile; fileRef = 1D3D20291B8E531E00781735 /* SDAFParseAPIClient.m */; };
		1D3D202D1B8F10A700781735 /* SDSyncEngine.m in Sources */ = {isa = PBXBuildFile; fileRef = 1D3D202C1B8F10A700781735 /* SDSyncEngine.m */; };
		1D3D202F1B8F3F2100781735 /* ParseAPIClient.plist in Resources */ = {isa = PBXBuildFile; fileRef = 1D3D202E1B8F3F2100781735 /* ParseAPIClient.plist */; };
		1D5B88721B8CD4E6001C4963 /* FBSDKCoreKit.framework in Frameworks */ = {isa = PBXBuildFile; fileRef = 1D5B88711B8CD4E6001C4963 /* FBSDKCoreKit.framework */; };
		1D5B88741B8CD4F4001C4963 /* FBSDKLoginKit.framework in Frameworks */ = {isa = PBXBuildFile; fileRef = 1D5B88731B8CD4F4001C4963 /* FBSDKLoginKit.framework */; };
		1D5B88761B8CD4FF001C4963 /* FBSDKShareKit.framework in Frameworks */ = {isa = PBXBuildFile; fileRef = 1D5B88751B8CD4FF001C4963 /* FBSDKShareKit.framework */; };
		1D5B88781B8CD56B001C4963 /* ParseFacebookUtilsV4.framework in Frameworks */ = {isa = PBXBuildFile; fileRef = 1D5B88771B8CD56B001C4963 /* ParseFacebookUtilsV4.framework */; };
		1DCCE92A1B8601A900C130CD /* LoginViewController.swift in Sources */ = {isa = PBXBuildFile; fileRef = 1DCCE9291B8601A900C130CD /* LoginViewController.swift */; };
		1DCCE92C1B8601E200C130CD /* LoginCustomButton.swift in Sources */ = {isa = PBXBuildFile; fileRef = 1DCCE92B1B8601E200C130CD /* LoginCustomButton.swift */; };
		1DCCE92E1B8601F700C130CD /* LoginPageOverlayViewController.swift in Sources */ = {isa = PBXBuildFile; fileRef = 1DCCE92D1B8601F700C130CD /* LoginPageOverlayViewController.swift */; };
		1DCCE9301B86020100C130CD /* LoginContentViewController.swift in Sources */ = {isa = PBXBuildFile; fileRef = 1DCCE92F1B86020100C130CD /* LoginContentViewController.swift */; };
		1DCCE9331B8608F400C130CD /* LoginCustomView.swift in Sources */ = {isa = PBXBuildFile; fileRef = 1DCCE9321B8608F400C130CD /* LoginCustomView.swift */; };
		1DD746421B92063100708895 /* University.swift in Sources */ = {isa = PBXBuildFile; fileRef = 1DD746411B92063100708895 /* University.swift */; };
		1DD746441B92063100708895 /* Course.swift in Sources */ = {isa = PBXBuildFile; fileRef = 1DD746431B92063100708895 /* Course.swift */; };
		1DD746461B92063100708895 /* Image.swift in Sources */ = {isa = PBXBuildFile; fileRef = 1DD746451B92063100708895 /* Image.swift */; };
		1DD746481B92063100708895 /* Language.swift in Sources */ = {isa = PBXBuildFile; fileRef = 1DD746471B92063100708895 /* Language.swift */; };
		1DD7464A1B92063200708895 /* Mooc.swift in Sources */ = {isa = PBXBuildFile; fileRef = 1DD746491B92063200708895 /* Mooc.swift */; };
		1DD7464C1B92063200708895 /* Category.swift in Sources */ = {isa = PBXBuildFile; fileRef = 1DD7464B1B92063200708895 /* Category.swift */; };
		1DD7464E1B92063200708895 /* Instructor.swift in Sources */ = {isa = PBXBuildFile; fileRef = 1DD7464D1B92063200708895 /* Instructor.swift */; };
		1DD746501B92063200708895 /* Session.swift in Sources */ = {isa = PBXBuildFile; fileRef = 1DD7464F1B92063200708895 /* Session.swift */; };
		1DE1E0801B7B756800309277 /* Images.xcassets in Resources */ = {isa = PBXBuildFile; fileRef = 1DE1E07F1B7B756800309277 /* Images.xcassets */; };
		1DE1E0831B7B756800309277 /* LaunchScreen.xib in Resources */ = {isa = PBXBuildFile; fileRef = 1DE1E0811B7B756800309277 /* LaunchScreen.xib */; };
		1DE1E08F1B7B756900309277 /* MoocUpTests.swift in Sources */ = {isa = PBXBuildFile; fileRef = 1DE1E08E1B7B756900309277 /* MoocUpTests.swift */; };
		1DE1E09D1B7B773B00309277 /* AudioToolbox.framework in Frameworks */ = {isa = PBXBuildFile; fileRef = 1DE1E09C1B7B773B00309277 /* AudioToolbox.framework */; };
		1DE1E09F1B7B774500309277 /* CFNetwork.framework in Frameworks */ = {isa = PBXBuildFile; fileRef = 1DE1E09E1B7B774500309277 /* CFNetwork.framework */; };
		1DE1E0A11B7B775900309277 /* CoreGraphics.framework in Frameworks */ = {isa = PBXBuildFile; fileRef = 1DE1E0A01B7B775900309277 /* CoreGraphics.framework */; };
		1DE1E0A31B7B776300309277 /* CoreLocation.framework in Frameworks */ = {isa = PBXBuildFile; fileRef = 1DE1E0A21B7B776300309277 /* CoreLocation.framework */; };
		1DE1E0A51B7B776D00309277 /* QuartzCore.framework in Frameworks */ = {isa = PBXBuildFile; fileRef = 1DE1E0A41B7B776D00309277 /* QuartzCore.framework */; };
		1DE1E0A71B7B777600309277 /* Security.framework in Frameworks */ = {isa = PBXBuildFile; fileRef = 1DE1E0A61B7B777600309277 /* Security.framework */; };
		1DE1E0A91B7B777E00309277 /* StoreKit.framework in Frameworks */ = {isa = PBXBuildFile; fileRef = 1DE1E0A81B7B777E00309277 /* StoreKit.framework */; };
		1DE1E0AB1B7B778800309277 /* SystemConfiguration.framework in Frameworks */ = {isa = PBXBuildFile; fileRef = 1DE1E0AA1B7B778800309277 /* SystemConfiguration.framework */; };
		1DE1E0AD1B7B779200309277 /* libz.dylib in Frameworks */ = {isa = PBXBuildFile; fileRef = 1DE1E0AC1B7B779200309277 /* libz.dylib */; };
		1DE1E0AF1B7B77A100309277 /* libsqlite3.dylib in Frameworks */ = {isa = PBXBuildFile; fileRef = 1DE1E0AE1B7B77A100309277 /* libsqlite3.dylib */; };
		C732216A1B7B9362004306DF /* Bolts.framework in Frameworks */ = {isa = PBXBuildFile; fileRef = C73221681B7B9362004306DF /* Bolts.framework */; };
		C732216B1B7B9362004306DF /* Parse.framework in Frameworks */ = {isa = PBXBuildFile; fileRef = C73221691B7B9362004306DF /* Parse.framework */; };
		C7F166801B7B7C4A00B90C75 /* Main.storyboard in Resources */ = {isa = PBXBuildFile; fileRef = C7F1667F1B7B7C4A00B90C75 /* Main.storyboard */; };
		C7F166821B7B7C6400B90C75 /* AppDelegate.swift in Sources */ = {isa = PBXBuildFile; fileRef = C7F166811B7B7C6400B90C75 /* AppDelegate.swift */; };
		C7F166851B7B7CE100B90C75 /* CoursesListViewController.swift in Sources */ = {isa = PBXBuildFile; fileRef = C7F166831B7B7CE100B90C75 /* CoursesListViewController.swift */; };
		C7F166861B7B7CE100B90C75 /* CourseDetailViewController.swift in Sources */ = {isa = PBXBuildFile; fileRef = C7F166841B7B7CE100B90C75 /* CourseDetailViewController.swift */; };
		C7F1668A1B7B7D0400B90C75 /* TextViewTableViewCell.swift in Sources */ = {isa = PBXBuildFile; fileRef = C7F166891B7B7D0400B90C75 /* TextViewTableViewCell.swift */; };
/* End PBXBuildFile section */

/* Begin PBXContainerItemProxy section */
		1DE1E0891B7B756800309277 /* PBXContainerItemProxy */ = {
			isa = PBXContainerItemProxy;
			containerPortal = 1DE1E06B1B7B756800309277 /* Project object */;
			proxyType = 1;
			remoteGlobalIDString = 1DE1E0721B7B756800309277;
			remoteInfo = MoocUp;
		};
/* End PBXContainerItemProxy section */

/* Begin PBXFileReference section */
		1D0FCD1B1B839AED006A14CE /* CourseListTableViewCell.swift */ = {isa = PBXFileReference; fileEncoding = 4; lastKnownFileType = sourcecode.swift; path = CourseListTableViewCell.swift; sourceTree = "<group>"; };
		1D3D20211B8DDD9D00781735 /* SDCoreDataController.h */ = {isa = PBXFileReference; fileEncoding = 4; lastKnownFileType = sourcecode.c.h; path = SDCoreDataController.h; sourceTree = "<group>"; };
		1D3D20221B8DDD9D00781735 /* SDCoreDataController.m */ = {isa = PBXFileReference; fileEncoding = 4; lastKnownFileType = sourcecode.c.objc; path = SDCoreDataController.m; sourceTree = "<group>"; };
		1D3D20261B8DDE6100781735 /* MoocUp.xcdatamodel */ = {isa = PBXFileReference; lastKnownFileType = wrapper.xcdatamodel; path = MoocUp.xcdatamodel; sourceTree = "<group>"; };
		1D3D20281B8E531E00781735 /* SDAFParseAPIClient.h */ = {isa = PBXFileReference; fileEncoding = 4; lastKnownFileType = sourcecode.c.h; path = SDAFParseAPIClient.h; sourceTree = "<group>"; };
		1D3D20291B8E531E00781735 /* SDAFParseAPIClient.m */ = {isa = PBXFileReference; fileEncoding = 4; lastKnownFileType = sourcecode.c.objc; path = SDAFParseAPIClient.m; sourceTree = "<group>"; };
		1D3D202B1B8F10A700781735 /* SDSyncEngine.h */ = {isa = PBXFileReference; fileEncoding = 4; lastKnownFileType = sourcecode.c.h; path = SDSyncEngine.h; sourceTree = "<group>"; };
		1D3D202C1B8F10A700781735 /* SDSyncEngine.m */ = {isa = PBXFileReference; fileEncoding = 4; lastKnownFileType = sourcecode.c.objc; path = SDSyncEngine.m; sourceTree = "<group>"; };
		1D3D202E1B8F3F2100781735 /* ParseAPIClient.plist */ = {isa = PBXFileReference; fileEncoding = 4; lastKnownFileType = text.plist.xml; path = ParseAPIClient.plist; sourceTree = "<group>"; };
		1D5B88711B8CD4E6001C4963 /* FBSDKCoreKit.framework */ = {isa = PBXFileReference; lastKnownFileType = wrapper.framework; path = FBSDKCoreKit.framework; sourceTree = "<group>"; };
		1D5B88731B8CD4F4001C4963 /* FBSDKLoginKit.framework */ = {isa = PBXFileReference; lastKnownFileType = wrapper.framework; path = FBSDKLoginKit.framework; sourceTree = "<group>"; };
		1D5B88751B8CD4FF001C4963 /* FBSDKShareKit.framework */ = {isa = PBXFileReference; lastKnownFileType = wrapper.framework; path = FBSDKShareKit.framework; sourceTree = "<group>"; };
		1D5B88771B8CD56B001C4963 /* ParseFacebookUtilsV4.framework */ = {isa = PBXFileReference; lastKnownFileType = wrapper.framework; path = ParseFacebookUtilsV4.framework; sourceTree = "<group>"; };
		1D5B88791B8CD6F4001C4963 /* MoocUp-Bridging-Header.h */ = {isa = PBXFileReference; lastKnownFileType = sourcecode.c.h; path = "MoocUp-Bridging-Header.h"; sourceTree = "<group>"; };
		1DCCE9291B8601A900C130CD /* LoginViewController.swift */ = {isa = PBXFileReference; fileEncoding = 4; lastKnownFileType = sourcecode.swift; path = LoginViewController.swift; sourceTree = "<group>"; };
		1DCCE92B1B8601E200C130CD /* LoginCustomButton.swift */ = {isa = PBXFileReference; fileEncoding = 4; lastKnownFileType = sourcecode.swift; path = LoginCustomButton.swift; sourceTree = "<group>"; };
		1DCCE92D1B8601F700C130CD /* LoginPageOverlayViewController.swift */ = {isa = PBXFileReference; fileEncoding = 4; lastKnownFileType = sourcecode.swift; path = LoginPageOverlayViewController.swift; sourceTree = "<group>"; };
		1DCCE92F1B86020100C130CD /* LoginContentViewController.swift */ = {isa = PBXFileReference; fileEncoding = 4; lastKnownFileType = sourcecode.swift; path = LoginContentViewController.swift; sourceTree = "<group>"; };
		1DCCE9321B8608F400C130CD /* LoginCustomView.swift */ = {isa = PBXFileReference; fileEncoding = 4; lastKnownFileType = sourcecode.swift; path = LoginCustomView.swift; sourceTree = "<group>"; };
		1DD746411B92063100708895 /* University.swift */ = {isa = PBXFileReference; fileEncoding = 4; lastKnownFileType = sourcecode.swift; path = University.swift; sourceTree = "<group>"; };
		1DD746431B92063100708895 /* Course.swift */ = {isa = PBXFileReference; fileEncoding = 4; lastKnownFileType = sourcecode.swift; path = Course.swift; sourceTree = "<group>"; };
		1DD746451B92063100708895 /* Image.swift */ = {isa = PBXFileReference; fileEncoding = 4; lastKnownFileType = sourcecode.swift; path = Image.swift; sourceTree = "<group>"; };
		1DD746471B92063100708895 /* Language.swift */ = {isa = PBXFileReference; fileEncoding = 4; lastKnownFileType = sourcecode.swift; path = Language.swift; sourceTree = "<group>"; };
		1DD746491B92063200708895 /* Mooc.swift */ = {isa = PBXFileReference; fileEncoding = 4; lastKnownFileType = sourcecode.swift; path = Mooc.swift; sourceTree = "<group>"; };
		1DD7464B1B92063200708895 /* Category.swift */ = {isa = PBXFileReference; fileEncoding = 4; lastKnownFileType = sourcecode.swift; path = Category.swift; sourceTree = "<group>"; };
		1DD7464D1B92063200708895 /* Instructor.swift */ = {isa = PBXFileReference; fileEncoding = 4; lastKnownFileType = sourcecode.swift; path = Instructor.swift; sourceTree = "<group>"; };
		1DD7464F1B92063200708895 /* Session.swift */ = {isa = PBXFileReference; fileEncoding = 4; lastKnownFileType = sourcecode.swift; path = Session.swift; sourceTree = "<group>"; };
		1DE1E0731B7B756800309277 /* MoocUp.app */ = {isa = PBXFileReference; explicitFileType = wrapper.application; includeInIndex = 0; path = MoocUp.app; sourceTree = BUILT_PRODUCTS_DIR; };
		1DE1E0771B7B756800309277 /* Info.plist */ = {isa = PBXFileReference; lastKnownFileType = text.plist.xml; path = Info.plist; sourceTree = "<group>"; };
		1DE1E07F1B7B756800309277 /* Images.xcassets */ = {isa = PBXFileReference; lastKnownFileType = folder.assetcatalog; path = Images.xcassets; sourceTree = "<group>"; };
		1DE1E0821B7B756800309277 /* Base */ = {isa = PBXFileReference; lastKnownFileType = file.xib; name = Base; path = Base.lproj/LaunchScreen.xib; sourceTree = "<group>"; };
		1DE1E0881B7B756800309277 /* MoocUpTests.xctest */ = {isa = PBXFileReference; explicitFileType = wrapper.cfbundle; includeInIndex = 0; path = MoocUpTests.xctest; sourceTree = BUILT_PRODUCTS_DIR; };
		1DE1E08D1B7B756800309277 /* Info.plist */ = {isa = PBXFileReference; lastKnownFileType = text.plist.xml; path = Info.plist; sourceTree = "<group>"; };
		1DE1E08E1B7B756900309277 /* MoocUpTests.swift */ = {isa = PBXFileReference; lastKnownFileType = sourcecode.swift; path = MoocUpTests.swift; sourceTree = "<group>"; };
		1DE1E09C1B7B773B00309277 /* AudioToolbox.framework */ = {isa = PBXFileReference; lastKnownFileType = wrapper.framework; name = AudioToolbox.framework; path = System/Library/Frameworks/AudioToolbox.framework; sourceTree = SDKROOT; };
		1DE1E09E1B7B774500309277 /* CFNetwork.framework */ = {isa = PBXFileReference; lastKnownFileType = wrapper.framework; name = CFNetwork.framework; path = System/Library/Frameworks/CFNetwork.framework; sourceTree = SDKROOT; };
		1DE1E0A01B7B775900309277 /* CoreGraphics.framework */ = {isa = PBXFileReference; lastKnownFileType = wrapper.framework; name = CoreGraphics.framework; path = System/Library/Frameworks/CoreGraphics.framework; sourceTree = SDKROOT; };
		1DE1E0A21B7B776300309277 /* CoreLocation.framework */ = {isa = PBXFileReference; lastKnownFileType = wrapper.framework; name = CoreLocation.framework; path = System/Library/Frameworks/CoreLocation.framework; sourceTree = SDKROOT; };
		1DE1E0A41B7B776D00309277 /* QuartzCore.framework */ = {isa = PBXFileReference; lastKnownFileType = wrapper.framework; name = QuartzCore.framework; path = System/Library/Frameworks/QuartzCore.framework; sourceTree = SDKROOT; };
		1DE1E0A61B7B777600309277 /* Security.framework */ = {isa = PBXFileReference; lastKnownFileType = wrapper.framework; name = Security.framework; path = System/Library/Frameworks/Security.framework; sourceTree = SDKROOT; };
		1DE1E0A81B7B777E00309277 /* StoreKit.framework */ = {isa = PBXFileReference; lastKnownFileType = wrapper.framework; name = StoreKit.framework; path = System/Library/Frameworks/StoreKit.framework; sourceTree = SDKROOT; };
		1DE1E0AA1B7B778800309277 /* SystemConfiguration.framework */ = {isa = PBXFileReference; lastKnownFileType = wrapper.framework; name = SystemConfiguration.framework; path = System/Library/Frameworks/SystemConfiguration.framework; sourceTree = SDKROOT; };
		1DE1E0AC1B7B779200309277 /* libz.dylib */ = {isa = PBXFileReference; lastKnownFileType = "compiled.mach-o.dylib"; name = libz.dylib; path = usr/lib/libz.dylib; sourceTree = SDKROOT; };
		1DE1E0AE1B7B77A100309277 /* libsqlite3.dylib */ = {isa = PBXFileReference; lastKnownFileType = "compiled.mach-o.dylib"; name = libsqlite3.dylib; path = usr/lib/libsqlite3.dylib; sourceTree = SDKROOT; };
		C73221681B7B9362004306DF /* Bolts.framework */ = {isa = PBXFileReference; lastKnownFileType = wrapper.framework; name = Bolts.framework; path = MoocUp/Bolts.framework; sourceTree = "<group>"; };
		C73221691B7B9362004306DF /* Parse.framework */ = {isa = PBXFileReference; lastKnownFileType = wrapper.framework; name = Parse.framework; path = MoocUp/Parse.framework; sourceTree = "<group>"; };
		C7F1667F1B7B7C4A00B90C75 /* Main.storyboard */ = {isa = PBXFileReference; fileEncoding = 4; lastKnownFileType = file.storyboard; path = Main.storyboard; sourceTree = "<group>"; };
		C7F166811B7B7C6400B90C75 /* AppDelegate.swift */ = {isa = PBXFileReference; fileEncoding = 4; lastKnownFileType = sourcecode.swift; path = AppDelegate.swift; sourceTree = "<group>"; };
		C7F166831B7B7CE100B90C75 /* CoursesListViewController.swift */ = {isa = PBXFileReference; fileEncoding = 4; lastKnownFileType = sourcecode.swift; path = CoursesListViewController.swift; sourceTree = "<group>"; };
		C7F166841B7B7CE100B90C75 /* CourseDetailViewController.swift */ = {isa = PBXFileReference; fileEncoding = 4; lastKnownFileType = sourcecode.swift; path = CourseDetailViewController.swift; sourceTree = "<group>"; };
		C7F166891B7B7D0400B90C75 /* TextViewTableViewCell.swift */ = {isa = PBXFileReference; fileEncoding = 4; lastKnownFileType = sourcecode.swift; path = TextViewTableViewCell.swift; sourceTree = "<group>"; };
/* End PBXFileReference section */

/* Begin PBXFrameworksBuildPhase section */
		1DE1E0701B7B756800309277 /* Frameworks */ = {
			isa = PBXFrameworksBuildPhase;
			buildActionMask = 2147483647;
			files = (
				1DE1E0AF1B7B77A100309277 /* libsqlite3.dylib in Frameworks */,
				1DE1E0AD1B7B779200309277 /* libz.dylib in Frameworks */,
				1D5B88761B8CD4FF001C4963 /* FBSDKShareKit.framework in Frameworks */,
				1DE1E0AB1B7B778800309277 /* SystemConfiguration.framework in Frameworks */,
				1DE1E0A91B7B777E00309277 /* StoreKit.framework in Frameworks */,
				1D5B88741B8CD4F4001C4963 /* FBSDKLoginKit.framework in Frameworks */,
				1DE1E0A71B7B777600309277 /* Security.framework in Frameworks */,
				1DE1E0A51B7B776D00309277 /* QuartzCore.framework in Frameworks */,
				1DE1E0A31B7B776300309277 /* CoreLocation.framework in Frameworks */,
				1DE1E0A11B7B775900309277 /* CoreGraphics.framework in Frameworks */,
				1D5B88781B8CD56B001C4963 /* ParseFacebookUtilsV4.framework in Frameworks */,
				1D5B88721B8CD4E6001C4963 /* FBSDKCoreKit.framework in Frameworks */,
				C732216A1B7B9362004306DF /* Bolts.framework in Frameworks */,
				1DE1E09F1B7B774500309277 /* CFNetwork.framework in Frameworks */,
				C732216B1B7B9362004306DF /* Parse.framework in Frameworks */,
				1DE1E09D1B7B773B00309277 /* AudioToolbox.framework in Frameworks */,
			);
			runOnlyForDeploymentPostprocessing = 0;
		};
		1DE1E0851B7B756800309277 /* Frameworks */ = {
			isa = PBXFrameworksBuildPhase;
			buildActionMask = 2147483647;
			files = (
			);
			runOnlyForDeploymentPostprocessing = 0;
		};
/* End PBXFrameworksBuildPhase section */

/* Begin PBXGroup section */
		1D3D20241B8DDDA600781735 /* CoreData */ = {
			isa = PBXGroup;
			children = (
				1DD746511B92064900708895 /* Models */,
				1DD746521B9206B500708895 /* ParseCoreDataSync */,
			);
			name = CoreData;
			sourceTree = "<group>";
		};
		1DCCE9311B86034C00C130CD /* Login */ = {
			isa = PBXGroup;
			children = (
				1DCCE9291B8601A900C130CD /* LoginViewController.swift */,
				1DCCE92B1B8601E200C130CD /* LoginCustomButton.swift */,
				1DCCE92D1B8601F700C130CD /* LoginPageOverlayViewController.swift */,
				1DCCE92F1B86020100C130CD /* LoginContentViewController.swift */,
				1DCCE9321B8608F400C130CD /* LoginCustomView.swift */,
			);
			name = Login;
			sourceTree = "<group>";
		};
		1DD746511B92064900708895 /* Models */ = {
			isa = PBXGroup;
			children = (
				1DD7464F1B92063200708895 /* Session.swift */,
				1DD7464D1B92063200708895 /* Instructor.swift */,
				1DD7464B1B92063200708895 /* Category.swift */,
				1DD746491B92063200708895 /* Mooc.swift */,
				1DD746471B92063100708895 /* Language.swift */,
				1DD746451B92063100708895 /* Image.swift */,
				1DD746431B92063100708895 /* Course.swift */,
				1DD746411B92063100708895 /* University.swift */,
				1D3D20251B8DDE6100781735 /* MoocUp.xcdatamodeld */,
			);
			name = Models;
			sourceTree = "<group>";
		};
		1DD746521B9206B500708895 /* ParseCoreDataSync */ = {
			isa = PBXGroup;
			children = (
				1D3D202B1B8F10A700781735 /* SDSyncEngine.h */,
				1D3D202C1B8F10A700781735 /* SDSyncEngine.m */,
				1D3D20281B8E531E00781735 /* SDAFParseAPIClient.h */,
				1D3D20291B8E531E00781735 /* SDAFParseAPIClient.m */,
				1D3D20211B8DDD9D00781735 /* SDCoreDataController.h */,
				1D3D20221B8DDD9D00781735 /* SDCoreDataController.m */,
				1D3D202E1B8F3F2100781735 /* ParseAPIClient.plist */,
			);
			name = ParseCoreDataSync;
			sourceTree = "<group>";
		};
		1DE1E06A1B7B756800309277 = {
			isa = PBXGroup;
			children = (
				1DE1E0751B7B756800309277 /* MoocUp */,
				1DE1E08B1B7B756800309277 /* MoocUpTests */,
				1DE1E0741B7B756800309277 /* Products */,
			);
			sourceTree = "<group>";
		};
		1DE1E0741B7B756800309277 /* Products */ = {
			isa = PBXGroup;
			children = (
				1DE1E0731B7B756800309277 /* MoocUp.app */,
				1DE1E0881B7B756800309277 /* MoocUpTests.xctest */,
			);
			name = Products;
			sourceTree = "<group>";
		};
		1DE1E0751B7B756800309277 /* MoocUp */ = {
			isa = PBXGroup;
			children = (
				1D3D20241B8DDDA600781735 /* CoreData */,
				1DCCE9311B86034C00C130CD /* Login */,
				C7F166811B7B7C6400B90C75 /* AppDelegate.swift */,
				C7F1667F1B7B7C4A00B90C75 /* Main.storyboard */,
				C7F166871B7B7CEB00B90C75 /* Courses */,
				C7F166881B7B7CF300B90C75 /* Course detail */,
				1DE1E07F1B7B756800309277 /* Images.xcassets */,
				1DE1E0811B7B756800309277 /* LaunchScreen.xib */,
				1DE1E0761B7B756800309277 /* Supporting Files */,
				1DE1E0B01B7B77B200309277 /* Frameworks */,
				1D5B88791B8CD6F4001C4963 /* MoocUp-Bridging-Header.h */,
			);
			path = MoocUp;
			sourceTree = "<group>";
		};
		1DE1E0761B7B756800309277 /* Supporting Files */ = {
			isa = PBXGroup;
			children = (
				1DE1E0771B7B756800309277 /* Info.plist */,
			);
			name = "Supporting Files";
			sourceTree = "<group>";
		};
		1DE1E08B1B7B756800309277 /* MoocUpTests */ = {
			isa = PBXGroup;
			children = (
				1DE1E08E1B7B756900309277 /* MoocUpTests.swift */,
				1DE1E08C1B7B756800309277 /* Supporting Files */,
			);
			path = MoocUpTests;
			sourceTree = "<group>";
		};
		1DE1E08C1B7B756800309277 /* Supporting Files */ = {
			isa = PBXGroup;
			children = (
				1DE1E08D1B7B756800309277 /* Info.plist */,
			);
			name = "Supporting Files";
			sourceTree = "<group>";
		};
		1DE1E0B01B7B77B200309277 /* Frameworks */ = {
			isa = PBXGroup;
			children = (
				1D5B88771B8CD56B001C4963 /* ParseFacebookUtilsV4.framework */,
				1D5B88751B8CD4FF001C4963 /* FBSDKShareKit.framework */,
				1D5B88731B8CD4F4001C4963 /* FBSDKLoginKit.framework */,
				1D5B88711B8CD4E6001C4963 /* FBSDKCoreKit.framework */,
				C73221681B7B9362004306DF /* Bolts.framework */,
				C73221691B7B9362004306DF /* Parse.framework */,
				1DE1E0AE1B7B77A100309277 /* libsqlite3.dylib */,
				1DE1E0AC1B7B779200309277 /* libz.dylib */,
				1DE1E0AA1B7B778800309277 /* SystemConfiguration.framework */,
				1DE1E0A81B7B777E00309277 /* StoreKit.framework */,
				1DE1E0A61B7B777600309277 /* Security.framework */,
				1DE1E0A41B7B776D00309277 /* QuartzCore.framework */,
				1DE1E0A21B7B776300309277 /* CoreLocation.framework */,
				1DE1E0A01B7B775900309277 /* CoreGraphics.framework */,
				1DE1E09E1B7B774500309277 /* CFNetwork.framework */,
				1DE1E09C1B7B773B00309277 /* AudioToolbox.framework */,
			);
			name = Frameworks;
			path = ..;
			sourceTree = "<group>";
		};
		C7F166871B7B7CEB00B90C75 /* Courses */ = {
			isa = PBXGroup;
			children = (
				C7F166831B7B7CE100B90C75 /* CoursesListViewController.swift */,
				1D0FCD1B1B839AED006A14CE /* CourseListTableViewCell.swift */,
			);
			name = Courses;
			sourceTree = "<group>";
		};
		C7F166881B7B7CF300B90C75 /* Course detail */ = {
			isa = PBXGroup;
			children = (
				C7F166841B7B7CE100B90C75 /* CourseDetailViewController.swift */,
				C7F166891B7B7D0400B90C75 /* TextViewTableViewCell.swift */,
			);
			name = "Course detail";
			sourceTree = "<group>";
		};
/* End PBXGroup section */

/* Begin PBXNativeTarget section */
		1DE1E0721B7B756800309277 /* MoocUp */ = {
			isa = PBXNativeTarget;
			buildConfigurationList = 1DE1E0921B7B756900309277 /* Build configuration list for PBXNativeTarget "MoocUp" */;
			buildPhases = (
				1DE1E06F1B7B756800309277 /* Sources */,
				1DE1E0701B7B756800309277 /* Frameworks */,
				1DE1E0711B7B756800309277 /* Resources */,
			);
			buildRules = (
			);
			dependencies = (
			);
			name = MoocUp;
			productName = MoocUp;
			productReference = 1DE1E0731B7B756800309277 /* MoocUp.app */;
			productType = "com.apple.product-type.application";
		};
		1DE1E0871B7B756800309277 /* MoocUpTests */ = {
			isa = PBXNativeTarget;
			buildConfigurationList = 1DE1E0951B7B756900309277 /* Build configuration list for PBXNativeTarget "MoocUpTests" */;
			buildPhases = (
				1DE1E0841B7B756800309277 /* Sources */,
				1DE1E0851B7B756800309277 /* Frameworks */,
				1DE1E0861B7B756800309277 /* Resources */,
			);
			buildRules = (
			);
			dependencies = (
				1DE1E08A1B7B756800309277 /* PBXTargetDependency */,
			);
			name = MoocUpTests;
			productName = MoocUpTests;
			productReference = 1DE1E0881B7B756800309277 /* MoocUpTests.xctest */;
			productType = "com.apple.product-type.bundle.unit-test";
		};
/* End PBXNativeTarget section */

/* Begin PBXProject section */
		1DE1E06B1B7B756800309277 /* Project object */ = {
			isa = PBXProject;
			attributes = {
				LastUpgradeCheck = 0640;
				ORGANIZATIONNAME = "Ancil Marshall";
				TargetAttributes = {
					1DE1E0721B7B756800309277 = {
						CreatedOnToolsVersion = 6.4;
					};
					1DE1E0871B7B756800309277 = {
						CreatedOnToolsVersion = 6.4;
						TestTargetID = 1DE1E0721B7B756800309277;
					};
				};
			};
			buildConfigurationList = 1DE1E06E1B7B756800309277 /* Build configuration list for PBXProject "MoocUp" */;
			compatibilityVersion = "Xcode 3.2";
			developmentRegion = English;
			hasScannedForEncodings = 0;
			knownRegions = (
				en,
				Base,
			);
			mainGroup = 1DE1E06A1B7B756800309277;
			productRefGroup = 1DE1E0741B7B756800309277 /* Products */;
			projectDirPath = "";
			projectRoot = "";
			targets = (
				1DE1E0721B7B756800309277 /* MoocUp */,
				1DE1E0871B7B756800309277 /* MoocUpTests */,
			);
		};
/* End PBXProject section */

/* Begin PBXResourcesBuildPhase section */
		1DE1E0711B7B756800309277 /* Resources */ = {
			isa = PBXResourcesBuildPhase;
			buildActionMask = 2147483647;
			files = (
				C7F166801B7B7C4A00B90C75 /* Main.storyboard in Resources */,
				1DE1E0831B7B756800309277 /* LaunchScreen.xib in Resources */,
				1D3D202F1B8F3F2100781735 /* ParseAPIClient.plist in Resources */,
				1DE1E0801B7B756800309277 /* Images.xcassets in Resources */,
			);
			runOnlyForDeploymentPostprocessing = 0;
		};
		1DE1E0861B7B756800309277 /* Resources */ = {
			isa = PBXResourcesBuildPhase;
			buildActionMask = 2147483647;
			files = (
			);
			runOnlyForDeploymentPostprocessing = 0;
		};
/* End PBXResourcesBuildPhase section */

/* Begin PBXSourcesBuildPhase section */
		1DE1E06F1B7B756800309277 /* Sources */ = {
			isa = PBXSourcesBuildPhase;
			buildActionMask = 2147483647;
			files = (
				1DCCE92A1B8601A900C130CD /* LoginViewController.swift in Sources */,
				1D3D202A1B8E531E00781735 /* SDAFParseAPIClient.m in Sources */,
				1D3D20271B8DDE6100781735 /* MoocUp.xcdatamodeld in Sources */,
				1DD746481B92063100708895 /* Language.swift in Sources */,
				1DCCE92E1B8601F700C130CD /* LoginPageOverlayViewController.swift in Sources */,
				1DCCE9301B86020100C130CD /* LoginContentViewController.swift in Sources */,
				1D0FCD1C1B839AED006A14CE /* CourseListTableViewCell.swift in Sources */,
				1DCCE9331B8608F400C130CD /* LoginCustomView.swift in Sources */,
				1D3D202D1B8F10A700781735 /* SDSyncEngine.m in Sources */,
				1DD746441B92063100708895 /* Course.swift in Sources */,
				1DCCE92C1B8601E200C130CD /* LoginCustomButton.swift in Sources */,
				1DD7464C1B92063200708895 /* Category.swift in Sources */,
				C7F166821B7B7C6400B90C75 /* AppDelegate.swift in Sources */,
				1DD7464E1B92063200708895 /* Instructor.swift in Sources */,
				1DD746461B92063100708895 /* Image.swift in Sources */,
				C7F1668A1B7B7D0400B90C75 /* TextViewTableViewCell.swift in Sources */,
				C7F166861B7B7CE100B90C75 /* CourseDetailViewController.swift in Sources */,
				C7F166851B7B7CE100B90C75 /* CoursesListViewController.swift in Sources */,
				1DD746501B92063200708895 /* Session.swift in Sources */,
				1DD7464A1B92063200708895 /* Mooc.swift in Sources */,
				1D3D20231B8DDD9D00781735 /* SDCoreDataController.m in Sources */,
				1DD746421B92063100708895 /* University.swift in Sources */,
			);
			runOnlyForDeploymentPostprocessing = 0;
		};
		1DE1E0841B7B756800309277 /* Sources */ = {
			isa = PBXSourcesBuildPhase;
			buildActionMask = 2147483647;
			files = (
				1DE1E08F1B7B756900309277 /* MoocUpTests.swift in Sources */,
			);
			runOnlyForDeploymentPostprocessing = 0;
		};
/* End PBXSourcesBuildPhase section */

/* Begin PBXTargetDependency section */
		1DE1E08A1B7B756800309277 /* PBXTargetDependency */ = {
			isa = PBXTargetDependency;
			target = 1DE1E0721B7B756800309277 /* MoocUp */;
			targetProxy = 1DE1E0891B7B756800309277 /* PBXContainerItemProxy */;
		};
/* End PBXTargetDependency section */

/* Begin PBXVariantGroup section */
		1DE1E0811B7B756800309277 /* LaunchScreen.xib */ = {
			isa = PBXVariantGroup;
			children = (
				1DE1E0821B7B756800309277 /* Base */,
			);
			name = LaunchScreen.xib;
			sourceTree = "<group>";
		};
/* End PBXVariantGroup section */

/* Begin XCBuildConfiguration section */
		1DE1E0901B7B756900309277 /* Debug */ = {
			isa = XCBuildConfiguration;
			buildSettings = {
				ALWAYS_SEARCH_USER_PATHS = NO;
				CLANG_CXX_LANGUAGE_STANDARD = "gnu++0x";
				CLANG_CXX_LIBRARY = "libc++";
				CLANG_ENABLE_MODULES = YES;
				CLANG_ENABLE_OBJC_ARC = YES;
				CLANG_WARN_BOOL_CONVERSION = YES;
				CLANG_WARN_CONSTANT_CONVERSION = YES;
				CLANG_WARN_DIRECT_OBJC_ISA_USAGE = YES_ERROR;
				CLANG_WARN_EMPTY_BODY = YES;
				CLANG_WARN_ENUM_CONVERSION = YES;
				CLANG_WARN_INT_CONVERSION = YES;
				CLANG_WARN_OBJC_ROOT_CLASS = YES_ERROR;
				CLANG_WARN_UNREACHABLE_CODE = YES;
				CLANG_WARN__DUPLICATE_METHOD_MATCH = YES;
				"CODE_SIGN_IDENTITY[sdk=iphoneos*]" = "iPhone Developer";
				COPY_PHASE_STRIP = NO;
				DEBUG_INFORMATION_FORMAT = "dwarf-with-dsym";
				ENABLE_STRICT_OBJC_MSGSEND = YES;
				GCC_C_LANGUAGE_STANDARD = gnu99;
				GCC_DYNAMIC_NO_PIC = NO;
				GCC_NO_COMMON_BLOCKS = YES;
				GCC_OPTIMIZATION_LEVEL = 0;
				GCC_PREPROCESSOR_DEFINITIONS = (
					"DEBUG=1",
					"$(inherited)",
				);
				GCC_SYMBOLS_PRIVATE_EXTERN = NO;
				GCC_WARN_64_TO_32_BIT_CONVERSION = YES;
				GCC_WARN_ABOUT_RETURN_TYPE = YES_ERROR;
				GCC_WARN_UNDECLARED_SELECTOR = YES;
				GCC_WARN_UNINITIALIZED_AUTOS = YES_AGGRESSIVE;
				GCC_WARN_UNUSED_FUNCTION = YES;
				GCC_WARN_UNUSED_VARIABLE = YES;
				IPHONEOS_DEPLOYMENT_TARGET = 8.4;
				MTL_ENABLE_DEBUG_INFO = YES;
				ONLY_ACTIVE_ARCH = YES;
				SDKROOT = iphoneos;
				SWIFT_OPTIMIZATION_LEVEL = "-Onone";
				TARGETED_DEVICE_FAMILY = "1,2";
			};
			name = Debug;
		};
		1DE1E0911B7B756900309277 /* Release */ = {
			isa = XCBuildConfiguration;
			buildSettings = {
				ALWAYS_SEARCH_USER_PATHS = NO;
				CLANG_CXX_LANGUAGE_STANDARD = "gnu++0x";
				CLANG_CXX_LIBRARY = "libc++";
				CLANG_ENABLE_MODULES = YES;
				CLANG_ENABLE_OBJC_ARC = YES;
				CLANG_WARN_BOOL_CONVERSION = YES;
				CLANG_WARN_CONSTANT_CONVERSION = YES;
				CLANG_WARN_DIRECT_OBJC_ISA_USAGE = YES_ERROR;
				CLANG_WARN_EMPTY_BODY = YES;
				CLANG_WARN_ENUM_CONVERSION = YES;
				CLANG_WARN_INT_CONVERSION = YES;
				CLANG_WARN_OBJC_ROOT_CLASS = YES_ERROR;
				CLANG_WARN_UNREACHABLE_CODE = YES;
				CLANG_WARN__DUPLICATE_METHOD_MATCH = YES;
				"CODE_SIGN_IDENTITY[sdk=iphoneos*]" = "iPhone Developer";
				COPY_PHASE_STRIP = NO;
				DEBUG_INFORMATION_FORMAT = "dwarf-with-dsym";
				ENABLE_NS_ASSERTIONS = NO;
				ENABLE_STRICT_OBJC_MSGSEND = YES;
				GCC_C_LANGUAGE_STANDARD = gnu99;
				GCC_NO_COMMON_BLOCKS = YES;
				GCC_WARN_64_TO_32_BIT_CONVERSION = YES;
				GCC_WARN_ABOUT_RETURN_TYPE = YES_ERROR;
				GCC_WARN_UNDECLARED_SELECTOR = YES;
				GCC_WARN_UNINITIALIZED_AUTOS = YES_AGGRESSIVE;
				GCC_WARN_UNUSED_FUNCTION = YES;
				GCC_WARN_UNUSED_VARIABLE = YES;
				IPHONEOS_DEPLOYMENT_TARGET = 8.4;
				MTL_ENABLE_DEBUG_INFO = NO;
				SDKROOT = iphoneos;
				TARGETED_DEVICE_FAMILY = "1,2";
				VALIDATE_PRODUCT = YES;
			};
			name = Release;
		};
		1DE1E0931B7B756900309277 /* Debug */ = {
			isa = XCBuildConfiguration;
			buildSettings = {
				ASSETCATALOG_COMPILER_APPICON_NAME = AppIcon;
				CLANG_ENABLE_MODULES = YES;
				FRAMEWORK_SEARCH_PATHS = (
					"$(inherited)",
					"$(PROJECT_DIR)",
					"$(PROJECT_DIR)/MoocUp",
				);
				INFOPLIST_FILE = MoocUp/Info.plist;
				LD_RUNPATH_SEARCH_PATHS = "$(inherited) @executable_path/Frameworks";
				PRODUCT_NAME = "$(TARGET_NAME)";
				SWIFT_OBJC_BRIDGING_HEADER = "MoocUp/MoocUp-Bridging-Header.h";
				SWIFT_OPTIMIZATION_LEVEL = "-Onone";
			};
			name = Debug;
		};
		1DE1E0941B7B756900309277 /* Release */ = {
			isa = XCBuildConfiguration;
			buildSettings = {
				ASSETCATALOG_COMPILER_APPICON_NAME = AppIcon;
				CLANG_ENABLE_MODULES = YES;
				FRAMEWORK_SEARCH_PATHS = (
					"$(inherited)",
					"$(PROJECT_DIR)",
					"$(PROJECT_DIR)/MoocUp",
				);
				INFOPLIST_FILE = MoocUp/Info.plist;
				LD_RUNPATH_SEARCH_PATHS = "$(inherited) @executable_path/Frameworks";
				PRODUCT_NAME = "$(TARGET_NAME)";
				SWIFT_OBJC_BRIDGING_HEADER = "MoocUp/MoocUp-Bridging-Header.h";
			};
			name = Release;
		};
		1DE1E0961B7B756900309277 /* Debug */ = {
			isa = XCBuildConfiguration;
			buildSettings = {
				BUNDLE_LOADER = "$(TEST_HOST)";
				FRAMEWORK_SEARCH_PATHS = (
					"$(SDKROOT)/Developer/Library/Frameworks",
					"$(inherited)",
				);
				GCC_PREPROCESSOR_DEFINITIONS = (
					"DEBUG=1",
					"$(inherited)",
				);
				INFOPLIST_FILE = MoocUpTests/Info.plist;
				LD_RUNPATH_SEARCH_PATHS = "$(inherited) @executable_path/Frameworks @loader_path/Frameworks";
				PRODUCT_NAME = "$(TARGET_NAME)";
				TEST_HOST = "$(BUILT_PRODUCTS_DIR)/MoocUp.app/MoocUp";
			};
			name = Debug;
		};
		1DE1E0971B7B756900309277 /* Release */ = {
			isa = XCBuildConfiguration;
			buildSettings = {
				BUNDLE_LOADER = "$(TEST_HOST)";
				FRAMEWORK_SEARCH_PATHS = (
					"$(SDKROOT)/Developer/Library/Frameworks",
					"$(inherited)",
				);
				INFOPLIST_FILE = MoocUpTests/Info.plist;
				LD_RUNPATH_SEARCH_PATHS = "$(inherited) @executable_path/Frameworks @loader_path/Frameworks";
				PRODUCT_NAME = "$(TARGET_NAME)";
				TEST_HOST = "$(BUILT_PRODUCTS_DIR)/MoocUp.app/MoocUp";
			};
			name = Release;
		};
/* End XCBuildConfiguration section */

/* Begin XCConfigurationList section */
		1DE1E06E1B7B756800309277 /* Build configuration list for PBXProject "MoocUp" */ = {
			isa = XCConfigurationList;
			buildConfigurations = (
				1DE1E0901B7B756900309277 /* Debug */,
				1DE1E0911B7B756900309277 /* Release */,
			);
			defaultConfigurationIsVisible = 0;
			defaultConfigurationName = Release;
		};
		1DE1E0921B7B756900309277 /* Build configuration list for PBXNativeTarget "MoocUp" */ = {
			isa = XCConfigurationList;
			buildConfigurations = (
				1DE1E0931B7B756900309277 /* Debug */,
				1DE1E0941B7B756900309277 /* Release */,
			);
			defaultConfigurationIsVisible = 0;
			defaultConfigurationName = Release;
		};
		1DE1E0951B7B756900309277 /* Build configuration list for PBXNativeTarget "MoocUpTests" */ = {
			isa = XCConfigurationList;
			buildConfigurations = (
				1DE1E0961B7B756900309277 /* Debug */,
				1DE1E0971B7B756900309277 /* Release */,
			);
			defaultConfigurationIsVisible = 0;
			defaultConfigurationName = Release;
		};
/* End XCConfigurationList section */

/* Begin XCVersionGroup section */
		1D3D20251B8DDE6100781735 /* MoocUp.xcdatamodeld */ = {
			isa = XCVersionGroup;
			children = (
				1D3D20261B8DDE6100781735 /* MoocUp.xcdatamodel */,
			);
			currentVersion = 1D3D20261B8DDE6100781735 /* MoocUp.xcdatamodel */;
			path = MoocUp.xcdatamodeld;
			sourceTree = "<group>";
			versionGroupType = wrapper.xcdatamodel;
		};
/* End XCVersionGroup section */
	};
	rootObject = 1DE1E06B1B7B756800309277 /* Project object */;
}
