// !$*UTF8*$!
{
	archiveVersion = 1;
	classes = {
	};
	objectVersion = 46;
	objects = {

/* Begin PBXBuildFile section */
		079EF7BE1B7ED02700F15F62 /* LoginCustomButton.swift in Sources */ = {isa = PBXBuildFile; fileRef = 079EF7BD1B7ED02700F15F62 /* LoginCustomButton.swift */; };
		07D2D1DE1B7E1B2E00C4E8FB /* LoginContentViewController.swift in Sources */ = {isa = PBXBuildFile; fileRef = 07D2D1DD1B7E1B2E00C4E8FB /* LoginContentViewController.swift */; };
		07D2D1E01B7E1F1D00C4E8FB /* LoginPageOverlayViewController.swift in Sources */ = {isa = PBXBuildFile; fileRef = 07D2D1DF1B7E1F1D00C4E8FB /* LoginPageOverlayViewController.swift */; };
		07D2D1E21B7E21EE00C4E8FB /* LoginCustomView.swift in Sources */ = {isa = PBXBuildFile; fileRef = 07D2D1E11B7E21EE00C4E8FB /* LoginCustomView.swift */; };
		1D26984C1B624AA200C75B49 /* AppDelegate.swift in Sources */ = {isa = PBXBuildFile; fileRef = 1D26984B1B624AA200C75B49 /* AppDelegate.swift */; };
		1D26984E1B624AA300C75B49 /* LoginViewController.swift in Sources */ = {isa = PBXBuildFile; fileRef = 1D26984D1B624AA300C75B49 /* LoginViewController.swift */; };
		1D2698511B624AA300C75B49 /* Main.storyboard in Resources */ = {isa = PBXBuildFile; fileRef = 1D26984F1B624AA300C75B49 /* Main.storyboard */; };
		1D2698531B624AA300C75B49 /* Images.xcassets in Resources */ = {isa = PBXBuildFile; fileRef = 1D2698521B624AA300C75B49 /* Images.xcassets */; };
		1D2698561B624AA300C75B49 /* LaunchScreen.xib in Resources */ = {isa = PBXBuildFile; fileRef = 1D2698541B624AA300C75B49 /* LaunchScreen.xib */; };
		1D2698621B624AA300C75B49 /* MoocUpClientAppTests.swift in Sources */ = {isa = PBXBuildFile; fileRef = 1D2698611B624AA300C75B49 /* MoocUpClientAppTests.swift */; };
		4956F7BE1B7D94D600388914 /* FBSDKCoreKit.framework in Frameworks */ = {isa = PBXBuildFile; fileRef = 4956F7BB1B7D94D600388914 /* FBSDKCoreKit.framework */; };
		4956F7BF1B7D94D600388914 /* FBSDKLoginKit.framework in Frameworks */ = {isa = PBXBuildFile; fileRef = 4956F7BC1B7D94D600388914 /* FBSDKLoginKit.framework */; };
		4956F7C01B7D94D600388914 /* FBSDKShareKit.framework in Frameworks */ = {isa = PBXBuildFile; fileRef = 4956F7BD1B7D94D600388914 /* FBSDKShareKit.framework */; };
		4956F7C61B7D954D00388914 /* Bolts.framework in Frameworks */ = {isa = PBXBuildFile; fileRef = 4956F7C21B7D954D00388914 /* Bolts.framework */; };
		4956F7C71B7D954D00388914 /* Parse.framework in Frameworks */ = {isa = PBXBuildFile; fileRef = 4956F7C31B7D954D00388914 /* Parse.framework */; };
		4956F7C81B7D954D00388914 /* ParseFacebookUtilsV4.framework in Frameworks */ = {isa = PBXBuildFile; fileRef = 4956F7C41B7D954D00388914 /* ParseFacebookUtilsV4.framework */; };
		4956F7C91B7D954D00388914 /* ParseTwitterUtils.framework in Frameworks */ = {isa = PBXBuildFile; fileRef = 4956F7C51B7D954D00388914 /* ParseTwitterUtils.framework */; };
		49585E7A1B7D8C5C00D58C55 /* Accounts.framework in Frameworks */ = {isa = PBXBuildFile; fileRef = 49585E781B7D8C5C00D58C55 /* Accounts.framework */; };
		49585E7B1B7D8C5C00D58C55 /* AudioToolbox.framework in Frameworks */ = {isa = PBXBuildFile; fileRef = 49585E791B7D8C5C00D58C55 /* AudioToolbox.framework */; };
		49585E7D1B7D8C7E00D58C55 /* CFNetwork.framework in Frameworks */ = {isa = PBXBuildFile; fileRef = 49585E7C1B7D8C7E00D58C55 /* CFNetwork.framework */; };
		49585E801B7D8CA800D58C55 /* CoreGraphics.framework in Frameworks */ = {isa = PBXBuildFile; fileRef = 49585E7E1B7D8CA800D58C55 /* CoreGraphics.framework */; };
		49585E811B7D8CA800D58C55 /* CoreLocation.framework in Frameworks */ = {isa = PBXBuildFile; fileRef = 49585E7F1B7D8CA800D58C55 /* CoreLocation.framework */; };
		49585E831B7D8CB500D58C55 /* QuartzCore.framework in Frameworks */ = {isa = PBXBuildFile; fileRef = 49585E821B7D8CB500D58C55 /* QuartzCore.framework */; };
		49585E851B7D8CBF00D58C55 /* Security.framework in Frameworks */ = {isa = PBXBuildFile; fileRef = 49585E841B7D8CBF00D58C55 /* Security.framework */; };
		49585E871B7D8CD800D58C55 /* Social.framework in Frameworks */ = {isa = PBXBuildFile; fileRef = 49585E861B7D8CD800D58C55 /* Social.framework */; };
		49585E891B7D8CEE00D58C55 /* StoreKit.framework in Frameworks */ = {isa = PBXBuildFile; fileRef = 49585E881B7D8CEE00D58C55 /* StoreKit.framework */; };
		49585E8B1B7D8CFD00D58C55 /* SystemConfiguration.framework in Frameworks */ = {isa = PBXBuildFile; fileRef = 49585E8A1B7D8CFD00D58C55 /* SystemConfiguration.framework */; };
		49585E8D1B7D8D0B00D58C55 /* libz.dylib in Frameworks */ = {isa = PBXBuildFile; fileRef = 49585E8C1B7D8D0B00D58C55 /* libz.dylib */; };
		49585E8F1B7D8D1D00D58C55 /* libsqlite3.dylib in Frameworks */ = {isa = PBXBuildFile; fileRef = 49585E8E1B7D8D1D00D58C55 /* libsqlite3.dylib */; };
/* End PBXBuildFile section */

/* Begin PBXContainerItemProxy section */
		1D26985C1B624AA300C75B49 /* PBXContainerItemProxy */ = {
			isa = PBXContainerItemProxy;
			containerPortal = 1D26983E1B624AA200C75B49 /* Project object */;
			proxyType = 1;
			remoteGlobalIDString = 1D2698451B624AA200C75B49;
			remoteInfo = MoocUpClientApp;
		};
/* End PBXContainerItemProxy section */

/* Begin PBXFileReference section */
		079EF7BD1B7ED02700F15F62 /* LoginCustomButton.swift */ = {isa = PBXFileReference; fileEncoding = 4; lastKnownFileType = sourcecode.swift; name = LoginCustomButton.swift; path = Login/LoginCustomButton.swift; sourceTree = "<group>"; };
		07D2D1DD1B7E1B2E00C4E8FB /* LoginContentViewController.swift */ = {isa = PBXFileReference; fileEncoding = 4; lastKnownFileType = sourcecode.swift; name = LoginContentViewController.swift; path = Login/LoginContentViewController.swift; sourceTree = "<group>"; };
		07D2D1DF1B7E1F1D00C4E8FB /* LoginPageOverlayViewController.swift */ = {isa = PBXFileReference; fileEncoding = 4; lastKnownFileType = sourcecode.swift; name = LoginPageOverlayViewController.swift; path = Login/LoginPageOverlayViewController.swift; sourceTree = "<group>"; };
		07D2D1E11B7E21EE00C4E8FB /* LoginCustomView.swift */ = {isa = PBXFileReference; fileEncoding = 4; lastKnownFileType = sourcecode.swift; name = LoginCustomView.swift; path = Login/LoginCustomView.swift; sourceTree = "<group>"; };
		1D2698461B624AA200C75B49 /* MoocUpClientApp.app */ = {isa = PBXFileReference; explicitFileType = wrapper.application; includeInIndex = 0; path = MoocUpClientApp.app; sourceTree = BUILT_PRODUCTS_DIR; };
		1D26984A1B624AA200C75B49 /* Info.plist */ = {isa = PBXFileReference; lastKnownFileType = text.plist.xml; path = Info.plist; sourceTree = "<group>"; };
		1D26984B1B624AA200C75B49 /* AppDelegate.swift */ = {isa = PBXFileReference; lastKnownFileType = sourcecode.swift; path = AppDelegate.swift; sourceTree = "<group>"; };
		1D26984D1B624AA300C75B49 /* LoginViewController.swift */ = {isa = PBXFileReference; lastKnownFileType = sourcecode.swift; path = LoginViewController.swift; sourceTree = "<group>"; };
		1D2698501B624AA300C75B49 /* Base */ = {isa = PBXFileReference; lastKnownFileType = file.storyboard; name = Base; path = Base.lproj/Main.storyboard; sourceTree = "<group>"; };
		1D2698521B624AA300C75B49 /* Images.xcassets */ = {isa = PBXFileReference; lastKnownFileType = folder.assetcatalog; path = Images.xcassets; sourceTree = "<group>"; };
		1D2698551B624AA300C75B49 /* Base */ = {isa = PBXFileReference; lastKnownFileType = file.xib; name = Base; path = Base.lproj/LaunchScreen.xib; sourceTree = "<group>"; };
		1D26985B1B624AA300C75B49 /* MoocUpClientAppTests.xctest */ = {isa = PBXFileReference; explicitFileType = wrapper.cfbundle; includeInIndex = 0; path = MoocUpClientAppTests.xctest; sourceTree = BUILT_PRODUCTS_DIR; };
		1D2698601B624AA300C75B49 /* Info.plist */ = {isa = PBXFileReference; lastKnownFileType = text.plist.xml; path = Info.plist; sourceTree = "<group>"; };
		1D2698611B624AA300C75B49 /* MoocUpClientAppTests.swift */ = {isa = PBXFileReference; lastKnownFileType = sourcecode.swift; path = MoocUpClientAppTests.swift; sourceTree = "<group>"; };
		1D26986B1B624AEC00C75B49 /* MoocUpClientApp-Bridging-Header.h */ = {isa = PBXFileReference; lastKnownFileType = sourcecode.c.h; path = "MoocUpClientApp-Bridging-Header.h"; sourceTree = "<group>"; };
		4956F7BB1B7D94D600388914 /* FBSDKCoreKit.framework */ = {isa = PBXFileReference; lastKnownFileType = wrapper.framework; path = FBSDKCoreKit.framework; sourceTree = "<group>"; };
		4956F7BC1B7D94D600388914 /* FBSDKLoginKit.framework */ = {isa = PBXFileReference; lastKnownFileType = wrapper.framework; path = FBSDKLoginKit.framework; sourceTree = "<group>"; };
		4956F7BD1B7D94D600388914 /* FBSDKShareKit.framework */ = {isa = PBXFileReference; lastKnownFileType = wrapper.framework; path = FBSDKShareKit.framework; sourceTree = "<group>"; };
		4956F7C21B7D954D00388914 /* Bolts.framework */ = {isa = PBXFileReference; lastKnownFileType = wrapper.framework; path = Bolts.framework; sourceTree = "<group>"; };
		4956F7C31B7D954D00388914 /* Parse.framework */ = {isa = PBXFileReference; lastKnownFileType = wrapper.framework; path = Parse.framework; sourceTree = "<group>"; };
		4956F7C41B7D954D00388914 /* ParseFacebookUtilsV4.framework */ = {isa = PBXFileReference; lastKnownFileType = wrapper.framework; path = ParseFacebookUtilsV4.framework; sourceTree = "<group>"; };
		4956F7C51B7D954D00388914 /* ParseTwitterUtils.framework */ = {isa = PBXFileReference; lastKnownFileType = wrapper.framework; path = ParseTwitterUtils.framework; sourceTree = "<group>"; };
		49585E781B7D8C5C00D58C55 /* Accounts.framework */ = {isa = PBXFileReference; lastKnownFileType = wrapper.framework; name = Accounts.framework; path = System/Library/Frameworks/Accounts.framework; sourceTree = SDKROOT; };
		49585E791B7D8C5C00D58C55 /* AudioToolbox.framework */ = {isa = PBXFileReference; lastKnownFileType = wrapper.framework; name = AudioToolbox.framework; path = System/Library/Frameworks/AudioToolbox.framework; sourceTree = SDKROOT; };
		49585E7C1B7D8C7E00D58C55 /* CFNetwork.framework */ = {isa = PBXFileReference; lastKnownFileType = wrapper.framework; name = CFNetwork.framework; path = System/Library/Frameworks/CFNetwork.framework; sourceTree = SDKROOT; };
		49585E7E1B7D8CA800D58C55 /* CoreGraphics.framework */ = {isa = PBXFileReference; lastKnownFileType = wrapper.framework; name = CoreGraphics.framework; path = System/Library/Frameworks/CoreGraphics.framework; sourceTree = SDKROOT; };
		49585E7F1B7D8CA800D58C55 /* CoreLocation.framework */ = {isa = PBXFileReference; lastKnownFileType = wrapper.framework; name = CoreLocation.framework; path = System/Library/Frameworks/CoreLocation.framework; sourceTree = SDKROOT; };
		49585E821B7D8CB500D58C55 /* QuartzCore.framework */ = {isa = PBXFileReference; lastKnownFileType = wrapper.framework; name = QuartzCore.framework; path = System/Library/Frameworks/QuartzCore.framework; sourceTree = SDKROOT; };
		49585E841B7D8CBF00D58C55 /* Security.framework */ = {isa = PBXFileReference; lastKnownFileType = wrapper.framework; name = Security.framework; path = System/Library/Frameworks/Security.framework; sourceTree = SDKROOT; };
		49585E861B7D8CD800D58C55 /* Social.framework */ = {isa = PBXFileReference; lastKnownFileType = wrapper.framework; name = Social.framework; path = System/Library/Frameworks/Social.framework; sourceTree = SDKROOT; };
		49585E881B7D8CEE00D58C55 /* StoreKit.framework */ = {isa = PBXFileReference; lastKnownFileType = wrapper.framework; name = StoreKit.framework; path = System/Library/Frameworks/StoreKit.framework; sourceTree = SDKROOT; };
		49585E8A1B7D8CFD00D58C55 /* SystemConfiguration.framework */ = {isa = PBXFileReference; lastKnownFileType = wrapper.framework; name = SystemConfiguration.framework; path = System/Library/Frameworks/SystemConfiguration.framework; sourceTree = SDKROOT; };
		49585E8C1B7D8D0B00D58C55 /* libz.dylib */ = {isa = PBXFileReference; lastKnownFileType = "compiled.mach-o.dylib"; name = libz.dylib; path = usr/lib/libz.dylib; sourceTree = SDKROOT; };
		49585E8E1B7D8D1D00D58C55 /* libsqlite3.dylib */ = {isa = PBXFileReference; lastKnownFileType = "compiled.mach-o.dylib"; name = libsqlite3.dylib; path = usr/lib/libsqlite3.dylib; sourceTree = SDKROOT; };
/* End PBXFileReference section */

/* Begin PBXFrameworksBuildPhase section */
		1D2698431B624AA200C75B49 /* Frameworks */ = {
			isa = PBXFrameworksBuildPhase;
			buildActionMask = 2147483647;
			files = (
				49585E8F1B7D8D1D00D58C55 /* libsqlite3.dylib in Frameworks */,
				4956F7C91B7D954D00388914 /* ParseTwitterUtils.framework in Frameworks */,
				49585E8D1B7D8D0B00D58C55 /* libz.dylib in Frameworks */,
				4956F7C01B7D94D600388914 /* FBSDKShareKit.framework in Frameworks */,
				49585E8B1B7D8CFD00D58C55 /* SystemConfiguration.framework in Frameworks */,
				49585E891B7D8CEE00D58C55 /* StoreKit.framework in Frameworks */,
				4956F7BF1B7D94D600388914 /* FBSDKLoginKit.framework in Frameworks */,
				4956F7C71B7D954D00388914 /* Parse.framework in Frameworks */,
				49585E871B7D8CD800D58C55 /* Social.framework in Frameworks */,
				49585E851B7D8CBF00D58C55 /* Security.framework in Frameworks */,
				49585E831B7D8CB500D58C55 /* QuartzCore.framework in Frameworks */,
				49585E801B7D8CA800D58C55 /* CoreGraphics.framework in Frameworks */,
				4956F7BE1B7D94D600388914 /* FBSDKCoreKit.framework in Frameworks */,
				49585E811B7D8CA800D58C55 /* CoreLocation.framework in Frameworks */,
				49585E7D1B7D8C7E00D58C55 /* CFNetwork.framework in Frameworks */,
				4956F7C81B7D954D00388914 /* ParseFacebookUtilsV4.framework in Frameworks */,
				49585E7A1B7D8C5C00D58C55 /* Accounts.framework in Frameworks */,
				49585E7B1B7D8C5C00D58C55 /* AudioToolbox.framework in Frameworks */,
				4956F7C61B7D954D00388914 /* Bolts.framework in Frameworks */,
			);
			runOnlyForDeploymentPostprocessing = 0;
		};
		1D2698581B624AA300C75B49 /* Frameworks */ = {
			isa = PBXFrameworksBuildPhase;
			buildActionMask = 2147483647;
			files = (
			);
			runOnlyForDeploymentPostprocessing = 0;
		};
/* End PBXFrameworksBuildPhase section */

/* Begin PBXGroup section */
		1D26983D1B624AA200C75B49 = {
			isa = PBXGroup;
			children = (
				4956F7CB1B7D967E00388914 /* FrameWorkParse */,
				49585E901B7D8D2900D58C55 /* Frameworks */,
				4956F7C11B7D950200388914 /* FrameworkFacebook */,
				1D2698481B624AA200C75B49 /* MoocUpClientApp */,
				1D26985E1B624AA300C75B49 /* MoocUpClientAppTests */,
				1D2698471B624AA200C75B49 /* Products */,
			);
			sourceTree = "<group>";
		};
		1D2698471B624AA200C75B49 /* Products */ = {
			isa = PBXGroup;
			children = (
				1D2698461B624AA200C75B49 /* MoocUpClientApp.app */,
				1D26985B1B624AA300C75B49 /* MoocUpClientAppTests.xctest */,
			);
			name = Products;
			sourceTree = "<group>";
		};
		1D2698481B624AA200C75B49 /* MoocUpClientApp */ = {
			isa = PBXGroup;
			children = (
				1D26984D1B624AA300C75B49 /* LoginViewController.swift */,
				079EF7BD1B7ED02700F15F62 /* LoginCustomButton.swift */,
				07D2D1E11B7E21EE00C4E8FB /* LoginCustomView.swift */,
				07D2D1DF1B7E1F1D00C4E8FB /* LoginPageOverlayViewController.swift */,
				07D2D1DD1B7E1B2E00C4E8FB /* LoginContentViewController.swift */,
				1D26984F1B624AA300C75B49 /* Main.storyboard */,
				1D2698491B624AA200C75B49 /* Supporting Files */,
				1D26986B1B624AEC00C75B49 /* MoocUpClientApp-Bridging-Header.h */,
			);
			path = MoocUpClientApp;
			sourceTree = "<group>";
		};
		1D2698491B624AA200C75B49 /* Supporting Files */ = {
			isa = PBXGroup;
			children = (
				1D2698521B624AA300C75B49 /* Images.xcassets */,
				1D2698541B624AA300C75B49 /* LaunchScreen.xib */,
				1D26984B1B624AA200C75B49 /* AppDelegate.swift */,
				1D26984A1B624AA200C75B49 /* Info.plist */,
			);
			name = "Supporting Files";
			sourceTree = "<group>";
		};
		1D26985E1B624AA300C75B49 /* MoocUpClientAppTests */ = {
			isa = PBXGroup;
			children = (
				1D2698611B624AA300C75B49 /* MoocUpClientAppTests.swift */,
				1D26985F1B624AA300C75B49 /* Supporting Files */,
			);
			path = MoocUpClientAppTests;
			sourceTree = "<group>";
		};
		1D26985F1B624AA300C75B49 /* Supporting Files */ = {
			isa = PBXGroup;
			children = (
				1D2698601B624AA300C75B49 /* Info.plist */,
			);
			name = "Supporting Files";
			sourceTree = "<group>";
		};
		4956F7C11B7D950200388914 /* FrameworkFacebook */ = {
			isa = PBXGroup;
			children = (
				4956F7BB1B7D94D600388914 /* FBSDKCoreKit.framework */,
				4956F7BC1B7D94D600388914 /* FBSDKLoginKit.framework */,
				4956F7BD1B7D94D600388914 /* FBSDKShareKit.framework */,
			);
			name = FrameworkFacebook;
			sourceTree = "<group>";
		};
		4956F7CB1B7D967E00388914 /* FrameWorkParse */ = {
			isa = PBXGroup;
			children = (
				4956F7C51B7D954D00388914 /* ParseTwitterUtils.framework */,
				4956F7C41B7D954D00388914 /* ParseFacebookUtilsV4.framework */,
				4956F7C31B7D954D00388914 /* Parse.framework */,
				4956F7C21B7D954D00388914 /* Bolts.framework */,
			);
			name = FrameWorkParse;
			sourceTree = "<group>";
		};
		49585E901B7D8D2900D58C55 /* Frameworks */ = {
			isa = PBXGroup;
			children = (
				49585E8E1B7D8D1D00D58C55 /* libsqlite3.dylib */,
				49585E8C1B7D8D0B00D58C55 /* libz.dylib */,
				49585E8A1B7D8CFD00D58C55 /* SystemConfiguration.framework */,
				49585E881B7D8CEE00D58C55 /* StoreKit.framework */,
				49585E861B7D8CD800D58C55 /* Social.framework */,
				49585E841B7D8CBF00D58C55 /* Security.framework */,
				49585E821B7D8CB500D58C55 /* QuartzCore.framework */,
				49585E7E1B7D8CA800D58C55 /* CoreGraphics.framework */,
				49585E7F1B7D8CA800D58C55 /* CoreLocation.framework */,
				49585E7C1B7D8C7E00D58C55 /* CFNetwork.framework */,
				49585E781B7D8C5C00D58C55 /* Accounts.framework */,
				49585E791B7D8C5C00D58C55 /* AudioToolbox.framework */,
			);
			name = Frameworks;
			sourceTree = "<group>";
		};
/* End PBXGroup section */

/* Begin PBXNativeTarget section */
		1D2698451B624AA200C75B49 /* MoocUpClientApp */ = {
			isa = PBXNativeTarget;
			buildConfigurationList = 1D2698651B624AA300C75B49 /* Build configuration list for PBXNativeTarget "MoocUpClientApp" */;
			buildPhases = (
				1D2698421B624AA200C75B49 /* Sources */,
				1D2698431B624AA200C75B49 /* Frameworks */,
				1D2698441B624AA200C75B49 /* Resources */,
			);
			buildRules = (
			);
			dependencies = (
			);
			name = MoocUpClientApp;
			productName = MoocUpClientApp;
			productReference = 1D2698461B624AA200C75B49 /* MoocUpClientApp.app */;
			productType = "com.apple.product-type.application";
		};
		1D26985A1B624AA300C75B49 /* MoocUpClientAppTests */ = {
			isa = PBXNativeTarget;
			buildConfigurationList = 1D2698681B624AA300C75B49 /* Build configuration list for PBXNativeTarget "MoocUpClientAppTests" */;
			buildPhases = (
				1D2698571B624AA300C75B49 /* Sources */,
				1D2698581B624AA300C75B49 /* Frameworks */,
				1D2698591B624AA300C75B49 /* Resources */,
			);
			buildRules = (
			);
			dependencies = (
				1D26985D1B624AA300C75B49 /* PBXTargetDependency */,
			);
			name = MoocUpClientAppTests;
			productName = MoocUpClientAppTests;
			productReference = 1D26985B1B624AA300C75B49 /* MoocUpClientAppTests.xctest */;
			productType = "com.apple.product-type.bundle.unit-test";
		};
/* End PBXNativeTarget section */

/* Begin PBXProject section */
		1D26983E1B624AA200C75B49 /* Project object */ = {
			isa = PBXProject;
			attributes = {
				LastUpgradeCheck = 0640;
				ORGANIZATIONNAME = "Ancil Marshall";
				TargetAttributes = {
					1D2698451B624AA200C75B49 = {
						CreatedOnToolsVersion = 6.4;
					};
					1D26985A1B624AA300C75B49 = {
						CreatedOnToolsVersion = 6.4;
						TestTargetID = 1D2698451B624AA200C75B49;
					};
				};
			};
			buildConfigurationList = 1D2698411B624AA200C75B49 /* Build configuration list for PBXProject "MoocUpClientApp" */;
			compatibilityVersion = "Xcode 3.2";
			developmentRegion = English;
			hasScannedForEncodings = 0;
			knownRegions = (
				en,
				Base,
			);
			mainGroup = 1D26983D1B624AA200C75B49;
			productRefGroup = 1D2698471B624AA200C75B49 /* Products */;
			projectDirPath = "";
			projectRoot = "";
			targets = (
				1D2698451B624AA200C75B49 /* MoocUpClientApp */,
				1D26985A1B624AA300C75B49 /* MoocUpClientAppTests */,
			);
		};
/* End PBXProject section */

/* Begin PBXResourcesBuildPhase section */
		1D2698441B624AA200C75B49 /* Resources */ = {
			isa = PBXResourcesBuildPhase;
			buildActionMask = 2147483647;
			files = (
				1D2698511B624AA300C75B49 /* Main.storyboard in Resources */,
				1D2698561B624AA300C75B49 /* LaunchScreen.xib in Resources */,
				1D2698531B624AA300C75B49 /* Images.xcassets in Resources */,
			);
			runOnlyForDeploymentPostprocessing = 0;
		};
		1D2698591B624AA300C75B49 /* Resources */ = {
			isa = PBXResourcesBuildPhase;
			buildActionMask = 2147483647;
			files = (
			);
			runOnlyForDeploymentPostprocessing = 0;
		};
/* End PBXResourcesBuildPhase section */

/* Begin PBXSourcesBuildPhase section */
		1D2698421B624AA200C75B49 /* Sources */ = {
			isa = PBXSourcesBuildPhase;
			buildActionMask = 2147483647;
			files = (
				1D26984E1B624AA300C75B49 /* LoginViewController.swift in Sources */,
				1D26984C1B624AA200C75B49 /* AppDelegate.swift in Sources */,
				079EF7BE1B7ED02700F15F62 /* LoginCustomButton.swift in Sources */,
				07D2D1E01B7E1F1D00C4E8FB /* LoginPageOverlayViewController.swift in Sources */,
				07D2D1E21B7E21EE00C4E8FB /* LoginCustomView.swift in Sources */,
				07D2D1DE1B7E1B2E00C4E8FB /* LoginContentViewController.swift in Sources */,
			);
			runOnlyForDeploymentPostprocessing = 0;
		};
		1D2698571B624AA300C75B49 /* Sources */ = {
			isa = PBXSourcesBuildPhase;
			buildActionMask = 2147483647;
			files = (
				1D2698621B624AA300C75B49 /* MoocUpClientAppTests.swift in Sources */,
			);
			runOnlyForDeploymentPostprocessing = 0;
		};
/* End PBXSourcesBuildPhase section */

/* Begin PBXTargetDependency section */
		1D26985D1B624AA300C75B49 /* PBXTargetDependency */ = {
			isa = PBXTargetDependency;
			target = 1D2698451B624AA200C75B49 /* MoocUpClientApp */;
			targetProxy = 1D26985C1B624AA300C75B49 /* PBXContainerItemProxy */;
		};
/* End PBXTargetDependency section */

/* Begin PBXVariantGroup section */
		1D26984F1B624AA300C75B49 /* Main.storyboard */ = {
			isa = PBXVariantGroup;
			children = (
				1D2698501B624AA300C75B49 /* Base */,
			);
			name = Main.storyboard;
			sourceTree = "<group>";
		};
		1D2698541B624AA300C75B49 /* LaunchScreen.xib */ = {
			isa = PBXVariantGroup;
			children = (
				1D2698551B624AA300C75B49 /* Base */,
			);
			name = LaunchScreen.xib;
			sourceTree = "<group>";
		};
/* End PBXVariantGroup section */

/* Begin XCBuildConfiguration section */
		1D2698631B624AA300C75B49 /* Debug */ = {
			isa = XCBuildConfiguration;
			buildSettings = {
				ALWAYS_SEARCH_USER_PATHS = NO;
				CLANG_CXX_LANGUAGE_STANDARD = "gnu++0x";
				CLANG_CXX_LIBRARY = "libc++";
				CLANG_ENABLE_MODULES = YES;
				CLANG_ENABLE_OBJC_ARC = YES;
				CLANG_WARN_BOOL_CONVERSION = YES;
				CLANG_WARN_CONSTANT_CONVERSION = YES;
				CLANG_WARN_DIRECT_OBJC_ISA_USAGE = YES_ERROR;
				CLANG_WARN_EMPTY_BODY = YES;
				CLANG_WARN_ENUM_CONVERSION = YES;
				CLANG_WARN_INT_CONVERSION = YES;
				CLANG_WARN_OBJC_ROOT_CLASS = YES_ERROR;
				CLANG_WARN_UNREACHABLE_CODE = YES;
				CLANG_WARN__DUPLICATE_METHOD_MATCH = YES;
				"CODE_SIGN_IDENTITY[sdk=iphoneos*]" = "iPhone Developer";
				COPY_PHASE_STRIP = NO;
				DEBUG_INFORMATION_FORMAT = "dwarf-with-dsym";
				ENABLE_STRICT_OBJC_MSGSEND = YES;
				GCC_C_LANGUAGE_STANDARD = gnu99;
				GCC_DYNAMIC_NO_PIC = NO;
				GCC_NO_COMMON_BLOCKS = YES;
				GCC_OPTIMIZATION_LEVEL = 0;
				GCC_PREPROCESSOR_DEFINITIONS = (
					"DEBUG=1",
					"$(inherited)",
				);
				GCC_SYMBOLS_PRIVATE_EXTERN = NO;
				GCC_WARN_64_TO_32_BIT_CONVERSION = YES;
				GCC_WARN_ABOUT_RETURN_TYPE = YES_ERROR;
				GCC_WARN_UNDECLARED_SELECTOR = YES;
				GCC_WARN_UNINITIALIZED_AUTOS = YES_AGGRESSIVE;
				GCC_WARN_UNUSED_FUNCTION = YES;
				GCC_WARN_UNUSED_VARIABLE = YES;
				IPHONEOS_DEPLOYMENT_TARGET = 8.2;
				MTL_ENABLE_DEBUG_INFO = YES;
				ONLY_ACTIVE_ARCH = YES;
				SDKROOT = iphoneos;
				SWIFT_OPTIMIZATION_LEVEL = "-Onone";
				TARGETED_DEVICE_FAMILY = "1,2";
			};
			name = Debug;
		};
		1D2698641B624AA300C75B49 /* Release */ = {
			isa = XCBuildConfiguration;
			buildSettings = {
				ALWAYS_SEARCH_USER_PATHS = NO;
				CLANG_CXX_LANGUAGE_STANDARD = "gnu++0x";
				CLANG_CXX_LIBRARY = "libc++";
				CLANG_ENABLE_MODULES = YES;
				CLANG_ENABLE_OBJC_ARC = YES;
				CLANG_WARN_BOOL_CONVERSION = YES;
				CLANG_WARN_CONSTANT_CONVERSION = YES;
				CLANG_WARN_DIRECT_OBJC_ISA_USAGE = YES_ERROR;
				CLANG_WARN_EMPTY_BODY = YES;
				CLANG_WARN_ENUM_CONVERSION = YES;
				CLANG_WARN_INT_CONVERSION = YES;
				CLANG_WARN_OBJC_ROOT_CLASS = YES_ERROR;
				CLANG_WARN_UNREACHABLE_CODE = YES;
				CLANG_WARN__DUPLICATE_METHOD_MATCH = YES;
				"CODE_SIGN_IDENTITY[sdk=iphoneos*]" = "iPhone Developer";
				COPY_PHASE_STRIP = NO;
				DEBUG_INFORMATION_FORMAT = "dwarf-with-dsym";
				ENABLE_NS_ASSERTIONS = NO;
				ENABLE_STRICT_OBJC_MSGSEND = YES;
				GCC_C_LANGUAGE_STANDARD = gnu99;
				GCC_NO_COMMON_BLOCKS = YES;
				GCC_WARN_64_TO_32_BIT_CONVERSION = YES;
				GCC_WARN_ABOUT_RETURN_TYPE = YES_ERROR;
				GCC_WARN_UNDECLARED_SELECTOR = YES;
				GCC_WARN_UNINITIALIZED_AUTOS = YES_AGGRESSIVE;
				GCC_WARN_UNUSED_FUNCTION = YES;
				GCC_WARN_UNUSED_VARIABLE = YES;
				IPHONEOS_DEPLOYMENT_TARGET = 8.2;
				MTL_ENABLE_DEBUG_INFO = NO;
				SDKROOT = iphoneos;
				TARGETED_DEVICE_FAMILY = "1,2";
				VALIDATE_PRODUCT = YES;
			};
			name = Release;
		};
		1D2698661B624AA300C75B49 /* Debug */ = {
			isa = XCBuildConfiguration;
			buildSettings = {
				ASSETCATALOG_COMPILER_APPICON_NAME = AppIcon;
				CLANG_ENABLE_MODULES = YES;
				FRAMEWORK_SEARCH_PATHS = (
					"$(inherited)",
					"$(PROJECT_DIR)",
				);
				INFOPLIST_FILE = MoocUpClientApp/Info.plist;
				IPHONEOS_DEPLOYMENT_TARGET = 8.2;
				LD_RUNPATH_SEARCH_PATHS = "$(inherited) @executable_path/Frameworks";
				PRODUCT_NAME = "$(TARGET_NAME)";
				SWIFT_OBJC_BRIDGING_HEADER = "MoocUpClientApp/MoocUpClientApp-Bridging-Header.h";
				SWIFT_OPTIMIZATION_LEVEL = "-Onone";
			};
			name = Debug;
		};
		1D2698671B624AA300C75B49 /* Release */ = {
			isa = XCBuildConfiguration;
			buildSettings = {
				ASSETCATALOG_COMPILER_APPICON_NAME = AppIcon;
				CLANG_ENABLE_MODULES = YES;
				FRAMEWORK_SEARCH_PATHS = (
					"$(inherited)",
					"$(PROJECT_DIR)",
				);
				INFOPLIST_FILE = MoocUpClientApp/Info.plist;
				IPHONEOS_DEPLOYMENT_TARGET = 8.2;
				LD_RUNPATH_SEARCH_PATHS = "$(inherited) @executable_path/Frameworks";
				PRODUCT_NAME = "$(TARGET_NAME)";
				SWIFT_OBJC_BRIDGING_HEADER = "MoocUpClientApp/MoocUpClientApp-Bridging-Header.h";
			};
			name = Release;
		};
		1D2698691B624AA300C75B49 /* Debug */ = {
			isa = XCBuildConfiguration;
			buildSettings = {
				BUNDLE_LOADER = "$(TEST_HOST)";
				FRAMEWORK_SEARCH_PATHS = (
					"$(SDKROOT)/Developer/Library/Frameworks",
					"$(inherited)",
				);
				GCC_PREPROCESSOR_DEFINITIONS = (
					"DEBUG=1",
					"$(inherited)",
				);
				INFOPLIST_FILE = MoocUpClientAppTests/Info.plist;
				LD_RUNPATH_SEARCH_PATHS = "$(inherited) @executable_path/Frameworks @loader_path/Frameworks";
				PRODUCT_NAME = "$(TARGET_NAME)";
				TEST_HOST = "$(BUILT_PRODUCTS_DIR)/MoocUpClientApp.app/MoocUpClientApp";
			};
			name = Debug;
		};
		1D26986A1B624AA300C75B49 /* Release */ = {
			isa = XCBuildConfiguration;
			buildSettings = {
				BUNDLE_LOADER = "$(TEST_HOST)";
				FRAMEWORK_SEARCH_PATHS = (
					"$(SDKROOT)/Developer/Library/Frameworks",
					"$(inherited)",
				);
				INFOPLIST_FILE = MoocUpClientAppTests/Info.plist;
				LD_RUNPATH_SEARCH_PATHS = "$(inherited) @executable_path/Frameworks @loader_path/Frameworks";
				PRODUCT_NAME = "$(TARGET_NAME)";
				TEST_HOST = "$(BUILT_PRODUCTS_DIR)/MoocUpClientApp.app/MoocUpClientApp";
			};
			name = Release;
		};
/* End XCBuildConfiguration section */

/* Begin XCConfigurationList section */
		1D2698411B624AA200C75B49 /* Build configuration list for PBXProject "MoocUpClientApp" */ = {
			isa = XCConfigurationList;
			buildConfigurations = (
				1D2698631B624AA300C75B49 /* Debug */,
				1D2698641B624AA300C75B49 /* Release */,
			);
			defaultConfigurationIsVisible = 0;
			defaultConfigurationName = Release;
		};
		1D2698651B624AA300C75B49 /* Build configuration list for PBXNativeTarget "MoocUpClientApp" */ = {
			isa = XCConfigurationList;
			buildConfigurations = (
				1D2698661B624AA300C75B49 /* Debug */,
				1D2698671B624AA300C75B49 /* Release */,
			);
			defaultConfigurationIsVisible = 0;
			defaultConfigurationName = Release;
		};
		1D2698681B624AA300C75B49 /* Build configuration list for PBXNativeTarget "MoocUpClientAppTests" */ = {
			isa = XCConfigurationList;
			buildConfigurations = (
				1D2698691B624AA300C75B49 /* Debug */,
				1D26986A1B624AA300C75B49 /* Release */,
			);
			defaultConfigurationIsVisible = 0;
			defaultConfigurationName = Release;
		};
/* End XCConfigurationList section */
	};
	rootObject = 1D26983E1B624AA200C75B49 /* Project object */;
}
